
Microsoft Visual Studio Solution File, Format Version 12.00
Project("{FAE04EC0-301F-11D3-BF4B-00C04F79EFBC}") = "Silk.NET.Vulkan.Extensions", "src\Silk.NET.Vulkan.Extensions\Silk.NET.Vulkan.Extensions.csproj", "{136B4BBE-3009-4F05-BDFA-0B23FFA6ED70}"
EndProject
Project("{FAE04EC0-301F-11D3-BF4B-00C04F79EFBC}") = "Istok.Rendering", "src\Istok.Rendering\Istok.Rendering.csproj", "{AF5911DC-37A7-4D3E-A912-E6AA95041FF2}"
EndProject
Project("{FAE04EC0-301F-11D3-BF4B-00C04F79EFBC}") = "Istok.Core", "src\Istok.Core\Istok.Core.csproj", "{FA957A5D-DD54-457E-A149-4C6FEDFC8FFB}"
EndProject
Project("{FAE04EC0-301F-11D3-BF4B-00C04F79EFBC}") = "Istok", "src\Istok\Istok.csproj", "{B9ADB41F-5EB8-4A58-9117-8F88A4C481CC}"
EndProject
Project("{2150E333-8FDC-42A3-9474-1A3956D46DE8}") = "Istok", "Istok", "{1E0231A0-FE70-430F-95CD-B5A0FB48472E}"
EndProject
Project("{FAE04EC0-301F-11D3-BF4B-00C04F79EFBC}") = "Examples", "examples\Examples\Examples.csproj", "{C8F45099-6556-40F5-8E95-F6659444CDB9}"
EndProject
Project("{FAE04EC0-301F-11D3-BF4B-00C04F79EFBC}") = "ExamplesRunner", "examples\ExamplesRunner\ExamplesRunner.csproj", "{AFF5475E-D0D5-4D07-A518-6E6BBA6D8892}"
EndProject
Project("{FAE04EC0-301F-11D3-BF4B-00C04F79EFBC}") = "iOSAppExamplesRunner", "examples\iOSAppExamplesRunner\iOSAppExamplesRunner.csproj", "{02F2ECF7-FF9F-4FA2-930D-4C7F3A08321B}"
EndProject
Project("{FAE04EC0-301F-11D3-BF4B-00C04F79EFBC}") = "AndroidExamplesRunner", "examples\AndroidExamplesRunner\AndroidExamplesRunner.csproj", "{20D838BE-2DB3-43B8-9007-3F2118F27870}"
EndProject
Project("{2150E333-8FDC-42A3-9474-1A3956D46DE8}") = "Examples", "Examples", "{ED92AF7B-25BE-404A-BBC1-8E8DB09740A9}"
EndProject
Project("{FAE04EC0-301F-11D3-BF4B-00C04F79EFBC}") = "Istok.Mathematics", "src\Istok.Mathematics\Istok.Mathematics.csproj", "{DEDD4D76-06B7-4B73-BED4-D28B6F5DF9D5}"
EndProject
Global
	GlobalSection(SolutionConfigurationPlatforms) = preSolution
		Debug|Any CPU = Debug|Any CPU
		Release|Any CPU = Release|Any CPU
	EndGlobalSection
	GlobalSection(ProjectConfigurationPlatforms) = postSolution
		{136B4BBE-3009-4F05-BDFA-0B23FFA6ED70}.Debug|Any CPU.ActiveCfg = Debug|Any CPU
		{136B4BBE-3009-4F05-BDFA-0B23FFA6ED70}.Debug|Any CPU.Build.0 = Debug|Any CPU
		{136B4BBE-3009-4F05-BDFA-0B23FFA6ED70}.Release|Any CPU.ActiveCfg = Release|Any CPU
		{136B4BBE-3009-4F05-BDFA-0B23FFA6ED70}.Release|Any CPU.Build.0 = Release|Any CPU
		{AF5911DC-37A7-4D3E-A912-E6AA95041FF2}.Debug|Any CPU.ActiveCfg = Debug|Any CPU
		{AF5911DC-37A7-4D3E-A912-E6AA95041FF2}.Debug|Any CPU.Build.0 = Debug|Any CPU
		{AF5911DC-37A7-4D3E-A912-E6AA95041FF2}.Release|Any CPU.ActiveCfg = Release|Any CPU
		{AF5911DC-37A7-4D3E-A912-E6AA95041FF2}.Release|Any CPU.Build.0 = Release|Any CPU
		{FA957A5D-DD54-457E-A149-4C6FEDFC8FFB}.Debug|Any CPU.ActiveCfg = Debug|Any CPU
		{FA957A5D-DD54-457E-A149-4C6FEDFC8FFB}.Debug|Any CPU.Build.0 = Debug|Any CPU
		{FA957A5D-DD54-457E-A149-4C6FEDFC8FFB}.Release|Any CPU.ActiveCfg = Release|Any CPU
		{FA957A5D-DD54-457E-A149-4C6FEDFC8FFB}.Release|Any CPU.Build.0 = Release|Any CPU
		{B9ADB41F-5EB8-4A58-9117-8F88A4C481CC}.Debug|Any CPU.ActiveCfg = Debug|Any CPU
		{B9ADB41F-5EB8-4A58-9117-8F88A4C481CC}.Debug|Any CPU.Build.0 = Debug|Any CPU
		{B9ADB41F-5EB8-4A58-9117-8F88A4C481CC}.Release|Any CPU.ActiveCfg = Release|Any CPU
		{B9ADB41F-5EB8-4A58-9117-8F88A4C481CC}.Release|Any CPU.Build.0 = Release|Any CPU
		{C8F45099-6556-40F5-8E95-F6659444CDB9}.Debug|Any CPU.ActiveCfg = Debug|Any CPU
		{C8F45099-6556-40F5-8E95-F6659444CDB9}.Debug|Any CPU.Build.0 = Debug|Any CPU
		{C8F45099-6556-40F5-8E95-F6659444CDB9}.Release|Any CPU.ActiveCfg = Release|Any CPU
		{C8F45099-6556-40F5-8E95-F6659444CDB9}.Release|Any CPU.Build.0 = Release|Any CPU
		{AFF5475E-D0D5-4D07-A518-6E6BBA6D8892}.Debug|Any CPU.ActiveCfg = Debug|Any CPU
		{AFF5475E-D0D5-4D07-A518-6E6BBA6D8892}.Debug|Any CPU.Build.0 = Debug|Any CPU
		{AFF5475E-D0D5-4D07-A518-6E6BBA6D8892}.Release|Any CPU.ActiveCfg = Release|Any CPU
		{AFF5475E-D0D5-4D07-A518-6E6BBA6D8892}.Release|Any CPU.Build.0 = Release|Any CPU
		{02F2ECF7-FF9F-4FA2-930D-4C7F3A08321B}.Debug|Any CPU.ActiveCfg = Debug|Any CPU
		{02F2ECF7-FF9F-4FA2-930D-4C7F3A08321B}.Debug|Any CPU.Build.0 = Debug|Any CPU
		{02F2ECF7-FF9F-4FA2-930D-4C7F3A08321B}.Release|Any CPU.ActiveCfg = Release|Any CPU
		{02F2ECF7-FF9F-4FA2-930D-4C7F3A08321B}.Release|Any CPU.Build.0 = Release|Any CPU
		{20D838BE-2DB3-43B8-9007-3F2118F27870}.Debug|Any CPU.ActiveCfg = Debug|Any CPU
		{20D838BE-2DB3-43B8-9007-3F2118F27870}.Debug|Any CPU.Build.0 = Debug|Any CPU
		{20D838BE-2DB3-43B8-9007-3F2118F27870}.Release|Any CPU.ActiveCfg = Release|Any CPU
		{20D838BE-2DB3-43B8-9007-3F2118F27870}.Release|Any CPU.Build.0 = Release|Any CPU
		{DEDD4D76-06B7-4B73-BED4-D28B6F5DF9D5}.Debug|Any CPU.ActiveCfg = Debug|Any CPU
		{DEDD4D76-06B7-4B73-BED4-D28B6F5DF9D5}.Debug|Any CPU.Build.0 = Debug|Any CPU
		{DEDD4D76-06B7-4B73-BED4-D28B6F5DF9D5}.Release|Any CPU.ActiveCfg = Release|Any CPU
		{DEDD4D76-06B7-4B73-BED4-D28B6F5DF9D5}.Release|Any CPU.Build.0 = Release|Any CPU
	EndGlobalSection
	GlobalSection(NestedProjects) = preSolution
		{B9ADB41F-5EB8-4A58-9117-8F88A4C481CC} = {1E0231A0-FE70-430F-95CD-B5A0FB48472E}
		{FA957A5D-DD54-457E-A149-4C6FEDFC8FFB} = {1E0231A0-FE70-430F-95CD-B5A0FB48472E}
		{AF5911DC-37A7-4D3E-A912-E6AA95041FF2} = {1E0231A0-FE70-430F-95CD-B5A0FB48472E}
		{136B4BBE-3009-4F05-BDFA-0B23FFA6ED70} = {1E0231A0-FE70-430F-95CD-B5A0FB48472E}
		{20D838BE-2DB3-43B8-9007-3F2118F27870} = {ED92AF7B-25BE-404A-BBC1-8E8DB09740A9}
		{C8F45099-6556-40F5-8E95-F6659444CDB9} = {ED92AF7B-25BE-404A-BBC1-8E8DB09740A9}
		{AFF5475E-D0D5-4D07-A518-6E6BBA6D8892} = {ED92AF7B-25BE-404A-BBC1-8E8DB09740A9}
		{02F2ECF7-FF9F-4FA2-930D-4C7F3A08321B} = {ED92AF7B-25BE-404A-BBC1-8E8DB09740A9}
		{DEDD4D76-06B7-4B73-BED4-D28B6F5DF9D5} = {1E0231A0-FE70-430F-95CD-B5A0FB48472E}
	EndGlobalSection
EndGlobal
